// !$*UTF8*$!
{
	archiveVersion = 1;
	classes = {
	};
	objectVersion = 46;
	objects = {

/* Begin PBXBuildFile section */
		09103C321CAF7D8900B9F227 /* main.m in Sources */ = {isa = PBXBuildFile; fileRef = 09103C311CAF7D8900B9F227 /* main.m */; };
		09103C351CAF7D8900B9F227 /* AppDelegate.m in Sources */ = {isa = PBXBuildFile; fileRef = 09103C341CAF7D8900B9F227 /* AppDelegate.m */; };
		09103C381CAF7D8900B9F227 /* FirstViewController.m in Sources */ = {isa = PBXBuildFile; fileRef = 09103C371CAF7D8900B9F227 /* FirstViewController.m */; };
		09103C3B1CAF7D8900B9F227 /* SecondViewController.m in Sources */ = {isa = PBXBuildFile; fileRef = 09103C3A1CAF7D8900B9F227 /* SecondViewController.m */; };
		09103C3E1CAF7D8900B9F227 /* Main.storyboard in Resources */ = {isa = PBXBuildFile; fileRef = 09103C3C1CAF7D8900B9F227 /* Main.storyboard */; };
		09103C401CAF7D8900B9F227 /* Assets.xcassets in Resources */ = {isa = PBXBuildFile; fileRef = 09103C3F1CAF7D8900B9F227 /* Assets.xcassets */; };
		09103C431CAF7D8900B9F227 /* LaunchScreen.storyboard in Resources */ = {isa = PBXBuildFile; fileRef = 09103C411CAF7D8900B9F227 /* LaunchScreen.storyboard */; };
		09103C4C1CAF828F00B9F227 /* QPTabbar.m in Sources */ = {isa = PBXBuildFile; fileRef = 09103C4B1CAF828F00B9F227 /* QPTabbar.m */; };
		09103C4F1CAF8CF800B9F227 /* MainTarBarController.m in Sources */ = {isa = PBXBuildFile; fileRef = 09103C4E1CAF8CF800B9F227 /* MainTarBarController.m */; };
		09103C5A1CAFA31D00B9F227 /* ALBBQuPaiPlugin.bundle in Resources */ = {isa = PBXBuildFile; fileRef = 09103C581CAFA31D00B9F227 /* ALBBQuPaiPlugin.bundle */; };
		09103C5B1CAFA31D00B9F227 /* ALBBQuPaiPlugin.framework in Frameworks */ = {isa = PBXBuildFile; fileRef = 09103C591CAFA31D00B9F227 /* ALBBQuPaiPlugin.framework */; };
		09103C5D1CAFA3B200B9F227 /* OpenGLES.framework in Frameworks */ = {isa = PBXBuildFile; fileRef = 09103C5C1CAFA3B200B9F227 /* OpenGLES.framework */; };
		09103C5F1CAFA3BD00B9F227 /* QuartzCore.framework in Frameworks */ = {isa = PBXBuildFile; fileRef = 09103C5E1CAFA3BD00B9F227 /* QuartzCore.framework */; };
		09103C611CAFA3C900B9F227 /* CoreVideo.framework in Frameworks */ = {isa = PBXBuildFile; fileRef = 09103C601CAFA3C900B9F227 /* CoreVideo.framework */; };
		09103C631CAFA3D000B9F227 /* AVFoundation.framework in Frameworks */ = {isa = PBXBuildFile; fileRef = 09103C621CAFA3D000B9F227 /* AVFoundation.framework */; };
		09103C651CAFA3D600B9F227 /* Foundation.framework in Frameworks */ = {isa = PBXBuildFile; fileRef = 09103C641CAFA3D600B9F227 /* Foundation.framework */; };
		09103C671CAFA3DD00B9F227 /* CoreGraphics.framework in Frameworks */ = {isa = PBXBuildFile; fileRef = 09103C661CAFA3DD00B9F227 /* CoreGraphics.framework */; };
		09103C691CAFA3E900B9F227 /* CoreMotion.framework in Frameworks */ = {isa = PBXBuildFile; fileRef = 09103C681CAFA3E900B9F227 /* CoreMotion.framework */; };
		09103C6B1CAFA48200B9F227 /* CoreMedia.framework in Frameworks */ = {isa = PBXBuildFile; fileRef = 09103C6A1CAFA48200B9F227 /* CoreMedia.framework */; };
/* End PBXBuildFile section */

/* Begin PBXFileReference section */
		09103C2D1CAF7D8900B9F227 /* PupaiTutorial.app */ = {isa = PBXFileReference; explicitFileType = wrapper.application; includeInIndex = 0; path = PupaiTutorial.app; sourceTree = BUILT_PRODUCTS_DIR; };
		09103C311CAF7D8900B9F227 /* main.m */ = {isa = PBXFileReference; lastKnownFileType = sourcecode.c.objc; path = main.m; sourceTree = "<group>"; };
		09103C331CAF7D8900B9F227 /* AppDelegate.h */ = {isa = PBXFileReference; lastKnownFileType = sourcecode.c.h; path = AppDelegate.h; sourceTree = "<group>"; };
		09103C341CAF7D8900B9F227 /* AppDelegate.m */ = {isa = PBXFileReference; lastKnownFileType = sourcecode.c.objc; path = AppDelegate.m; sourceTree = "<group>"; };
		09103C361CAF7D8900B9F227 /* FirstViewController.h */ = {isa = PBXFileReference; lastKnownFileType = sourcecode.c.h; path = FirstViewController.h; sourceTree = "<group>"; };
		09103C371CAF7D8900B9F227 /* FirstViewController.m */ = {isa = PBXFileReference; lastKnownFileType = sourcecode.c.objc; path = FirstViewController.m; sourceTree = "<group>"; };
		09103C391CAF7D8900B9F227 /* SecondViewController.h */ = {isa = PBXFileReference; lastKnownFileType = sourcecode.c.h; path = SecondViewController.h; sourceTree = "<group>"; };
		09103C3A1CAF7D8900B9F227 /* SecondViewController.m */ = {isa = PBXFileReference; lastKnownFileType = sourcecode.c.objc; path = SecondViewController.m; sourceTree = "<group>"; };
		09103C3D1CAF7D8900B9F227 /* Base */ = {isa = PBXFileReference; lastKnownFileType = file.storyboard; name = Base; path = Base.lproj/Main.storyboard; sourceTree = "<group>"; };
		09103C3F1CAF7D8900B9F227 /* Assets.xcassets */ = {isa = PBXFileReference; lastKnownFileType = folder.assetcatalog; path = Assets.xcassets; sourceTree = "<group>"; };
		09103C421CAF7D8900B9F227 /* Base */ = {isa = PBXFileReference; lastKnownFileType = file.storyboard; name = Base; path = Base.lproj/LaunchScreen.storyboard; sourceTree = "<group>"; };
		09103C441CAF7D8900B9F227 /* Info.plist */ = {isa = PBXFileReference; lastKnownFileType = text.plist.xml; path = Info.plist; sourceTree = "<group>"; };
		09103C4A1CAF828F00B9F227 /* QPTabbar.h */ = {isa = PBXFileReference; fileEncoding = 4; lastKnownFileType = sourcecode.c.h; path = QPTabbar.h; sourceTree = "<group>"; };
		09103C4B1CAF828F00B9F227 /* QPTabbar.m */ = {isa = PBXFileReference; fileEncoding = 4; lastKnownFileType = sourcecode.c.objc; path = QPTabbar.m; sourceTree = "<group>"; };
		09103C4D1CAF8CF800B9F227 /* MainTarBarController.h */ = {isa = PBXFileReference; fileEncoding = 4; lastKnownFileType = sourcecode.c.h; path = MainTarBarController.h; sourceTree = "<group>"; };
		09103C4E1CAF8CF800B9F227 /* MainTarBarController.m */ = {isa = PBXFileReference; fileEncoding = 4; lastKnownFileType = sourcecode.c.objc; path = MainTarBarController.m; sourceTree = "<group>"; };
		09103C581CAFA31D00B9F227 /* ALBBQuPaiPlugin.bundle */ = {isa = PBXFileReference; lastKnownFileType = "wrapper.plug-in"; path = ALBBQuPaiPlugin.bundle; sourceTree = "<group>"; };
		09103C591CAFA31D00B9F227 /* ALBBQuPaiPlugin.framework */ = {isa = PBXFileReference; lastKnownFileType = wrapper.framework; path = ALBBQuPaiPlugin.framework; sourceTree = "<group>"; };
		09103C5C1CAFA3B200B9F227 /* OpenGLES.framework */ = {isa = PBXFileReference; lastKnownFileType = wrapper.framework; name = OpenGLES.framework; path = System/Library/Frameworks/OpenGLES.framework; sourceTree = SDKROOT; };
		09103C5E1CAFA3BD00B9F227 /* QuartzCore.framework */ = {isa = PBXFileReference; lastKnownFileType = wrapper.framework; name = QuartzCore.framework; path = System/Library/Frameworks/QuartzCore.framework; sourceTree = SDKROOT; };
		09103C601CAFA3C900B9F227 /* CoreVideo.framework */ = {isa = PBXFileReference; lastKnownFileType = wrapper.framework; name = CoreVideo.framework; path = System/Library/Frameworks/CoreVideo.framework; sourceTree = SDKROOT; };
		09103C621CAFA3D000B9F227 /* AVFoundation.framework */ = {isa = PBXFileReference; lastKnownFileType = wrapper.framework; name = AVFoundation.framework; path = System/Library/Frameworks/AVFoundation.framework; sourceTree = SDKROOT; };
		09103C641CAFA3D600B9F227 /* Foundation.framework */ = {isa = PBXFileReference; lastKnownFileType = wrapper.framework; name = Foundation.framework; path = System/Library/Frameworks/Foundation.framework; sourceTree = SDKROOT; };
		09103C661CAFA3DD00B9F227 /* CoreGraphics.framework */ = {isa = PBXFileReference; lastKnownFileType = wrapper.framework; name = CoreGraphics.framework; path = System/Library/Frameworks/CoreGraphics.framework; sourceTree = SDKROOT; };
		09103C681CAFA3E900B9F227 /* CoreMotion.framework */ = {isa = PBXFileReference; lastKnownFileType = wrapper.framework; name = CoreMotion.framework; path = System/Library/Frameworks/CoreMotion.framework; sourceTree = SDKROOT; };
		09103C6A1CAFA48200B9F227 /* CoreMedia.framework */ = {isa = PBXFileReference; lastKnownFileType = wrapper.framework; name = CoreMedia.framework; path = System/Library/Frameworks/CoreMedia.framework; sourceTree = SDKROOT; };
/* End PBXFileReference section */

/* Begin PBXFrameworksBuildPhase section */
		09103C2A1CAF7D8900B9F227 /* Frameworks */ = {
			isa = PBXFrameworksBuildPhase;
			buildActionMask = 2147483647;
			files = (
				09103C6B1CAFA48200B9F227 /* CoreMedia.framework in Frameworks */,
				09103C691CAFA3E900B9F227 /* CoreMotion.framework in Frameworks */,
				09103C671CAFA3DD00B9F227 /* CoreGraphics.framework in Frameworks */,
				09103C651CAFA3D600B9F227 /* Foundation.framework in Frameworks */,
				09103C631CAFA3D000B9F227 /* AVFoundation.framework in Frameworks */,
				09103C611CAFA3C900B9F227 /* CoreVideo.framework in Frameworks */,
				09103C5F1CAFA3BD00B9F227 /* QuartzCore.framework in Frameworks */,
				09103C5D1CAFA3B200B9F227 /* OpenGLES.framework in Frameworks */,
				09103C5B1CAFA31D00B9F227 /* ALBBQuPaiPlugin.framework in Frameworks */,
			);
			runOnlyForDeploymentPostprocessing = 0;
		};
/* End PBXFrameworksBuildPhase section */

/* Begin PBXGroup section */
		09103C241CAF7D8800B9F227 = {
			isa = PBXGroup;
			children = (
				09103C6C1CAFA5EB00B9F227 /* Frameworks */,
				09103C571CAFA31D00B9F227 /* sdk */,
				09103C2F1CAF7D8900B9F227 /* PupaiTutorial */,
				09103C2E1CAF7D8900B9F227 /* Products */,
			);
			sourceTree = "<group>";
		};
		09103C2E1CAF7D8900B9F227 /* Products */ = {
			isa = PBXGroup;
			children = (
				09103C2D1CAF7D8900B9F227 /* PupaiTutorial.app */,
			);
			name = Products;
			sourceTree = "<group>";
		};
		09103C2F1CAF7D8900B9F227 /* PupaiTutorial */ = {
			isa = PBXGroup;
			children = (
				09103C331CAF7D8900B9F227 /* AppDelegate.h */,
				09103C341CAF7D8900B9F227 /* AppDelegate.m */,
				09103C4D1CAF8CF800B9F227 /* MainTarBarController.h */,
				09103C4E1CAF8CF800B9F227 /* MainTarBarController.m */,
				09103C361CAF7D8900B9F227 /* FirstViewController.h */,
				09103C371CAF7D8900B9F227 /* FirstViewController.m */,
				09103C391CAF7D8900B9F227 /* SecondViewController.h */,
				09103C3A1CAF7D8900B9F227 /* SecondViewController.m */,
				09103C3C1CAF7D8900B9F227 /* Main.storyboard */,
				09103C4A1CAF828F00B9F227 /* QPTabbar.h */,
				09103C4B1CAF828F00B9F227 /* QPTabbar.m */,
				09103C3F1CAF7D8900B9F227 /* Assets.xcassets */,
				09103C411CAF7D8900B9F227 /* LaunchScreen.storyboard */,
				09103C441CAF7D8900B9F227 /* Info.plist */,
				09103C301CAF7D8900B9F227 /* Supporting Files */,
			);
			path = PupaiTutorial;
			sourceTree = "<group>";
		};
		09103C301CAF7D8900B9F227 /* Supporting Files */ = {
			isa = PBXGroup;
			children = (
				09103C311CAF7D8900B9F227 /* main.m */,
			);
			name = "Supporting Files";
			sourceTree = "<group>";
		};
		09103C571CAFA31D00B9F227 /* sdk */ = {
			isa = PBXGroup;
			children = (
				09103C581CAFA31D00B9F227 /* ALBBQuPaiPlugin.bundle */,
				09103C591CAFA31D00B9F227 /* ALBBQuPaiPlugin.framework */,
			);
			path = sdk;
			sourceTree = "<group>";
		};
		09103C6C1CAFA5EB00B9F227 /* Frameworks */ = {
			isa = PBXGroup;
			children = (
				09103C6A1CAFA48200B9F227 /* CoreMedia.framework */,
				09103C681CAFA3E900B9F227 /* CoreMotion.framework */,
				09103C661CAFA3DD00B9F227 /* CoreGraphics.framework */,
				09103C641CAFA3D600B9F227 /* Foundation.framework */,
				09103C621CAFA3D000B9F227 /* AVFoundation.framework */,
				09103C601CAFA3C900B9F227 /* CoreVideo.framework */,
				09103C5E1CAFA3BD00B9F227 /* QuartzCore.framework */,
				09103C5C1CAFA3B200B9F227 /* OpenGLES.framework */,
			);
			name = Frameworks;
			sourceTree = "<group>";
		};
/* End PBXGroup section */

/* Begin PBXNativeTarget section */
		09103C2C1CAF7D8900B9F227 /* PupaiTutorial */ = {
			isa = PBXNativeTarget;
			buildConfigurationList = 09103C471CAF7D8900B9F227 /* Build configuration list for PBXNativeTarget "PupaiTutorial" */;
			buildPhases = (
				09103C291CAF7D8900B9F227 /* Sources */,
				09103C2A1CAF7D8900B9F227 /* Frameworks */,
				09103C2B1CAF7D8900B9F227 /* Resources */,
			);
			buildRules = (
			);
			dependencies = (
			);
			name = PupaiTutorial;
			productName = PupaiTutorial;
			productReference = 09103C2D1CAF7D8900B9F227 /* PupaiTutorial.app */;
			productType = "com.apple.product-type.application";
		};
/* End PBXNativeTarget section */

/* Begin PBXProject section */
		09103C251CAF7D8800B9F227 /* Project object */ = {
			isa = PBXProject;
			attributes = {
				LastUpgradeCheck = 0730;
				ORGANIZATIONNAME = baby;
				TargetAttributes = {
					09103C2C1CAF7D8900B9F227 = {
						CreatedOnToolsVersion = 7.3;
						DevelopmentTeam = F94JBNWYFR;
					};
				};
			};
			buildConfigurationList = 09103C281CAF7D8800B9F227 /* Build configuration list for PBXProject "PupaiTutorial" */;
			compatibilityVersion = "Xcode 3.2";
			developmentRegion = English;
			hasScannedForEncodings = 0;
			knownRegions = (
				en,
				Base,
			);
			mainGroup = 09103C241CAF7D8800B9F227;
			productRefGroup = 09103C2E1CAF7D8900B9F227 /* Products */;
			projectDirPath = "";
			projectRoot = "";
			targets = (
				09103C2C1CAF7D8900B9F227 /* PupaiTutorial */,
			);
		};
/* End PBXProject section */

/* Begin PBXResourcesBuildPhase section */
		09103C2B1CAF7D8900B9F227 /* Resources */ = {
			isa = PBXResourcesBuildPhase;
			buildActionMask = 2147483647;
			files = (
				09103C431CAF7D8900B9F227 /* LaunchScreen.storyboard in Resources */,
				09103C401CAF7D8900B9F227 /* Assets.xcassets in Resources */,
				09103C5A1CAFA31D00B9F227 /* ALBBQuPaiPlugin.bundle in Resources */,
				09103C3E1CAF7D8900B9F227 /* Main.storyboard in Resources */,
			);
			runOnlyForDeploymentPostprocessing = 0;
		};
/* End PBXResourcesBuildPhase section */

/* Begin PBXSourcesBuildPhase section */
		09103C291CAF7D8900B9F227 /* Sources */ = {
			isa = PBXSourcesBuildPhase;
			buildActionMask = 2147483647;
			files = (
				09103C4F1CAF8CF800B9F227 /* MainTarBarController.m in Sources */,
				09103C3B1CAF7D8900B9F227 /* SecondViewController.m in Sources */,
				09103C351CAF7D8900B9F227 /* AppDelegate.m in Sources */,
				09103C381CAF7D8900B9F227 /* FirstViewController.m in Sources */,
				09103C4C1CAF828F00B9F227 /* QPTabbar.m in Sources */,
				09103C321CAF7D8900B9F227 /* main.m in Sources */,
			);
			runOnlyForDeploymentPostprocessing = 0;
		};
/* End PBXSourcesBuildPhase section */

/* Begin PBXVariantGroup section */
		09103C3C1CAF7D8900B9F227 /* Main.storyboard */ = {
			isa = PBXVariantGroup;
			children = (
				09103C3D1CAF7D8900B9F227 /* Base */,
			);
			name = Main.storyboard;
			sourceTree = "<group>";
		};
		09103C411CAF7D8900B9F227 /* LaunchScreen.storyboard */ = {
			isa = PBXVariantGroup;
			children = (
				09103C421CAF7D8900B9F227 /* Base */,
			);
			name = LaunchScreen.storyboard;
			sourceTree = "<group>";
		};
/* End PBXVariantGroup section */

/* Begin XCBuildConfiguration section */
		09103C451CAF7D8900B9F227 /* Debug */ = {
			isa = XCBuildConfiguration;
			buildSettings = {
				ALWAYS_SEARCH_USER_PATHS = NO;
				CLANG_ANALYZER_NONNULL = YES;
				CLANG_CXX_LANGUAGE_STANDARD = "gnu++0x";
				CLANG_CXX_LIBRARY = "libc++";
				CLANG_ENABLE_MODULES = YES;
				CLANG_ENABLE_OBJC_ARC = YES;
				CLANG_WARN_BOOL_CONVERSION = YES;
				CLANG_WARN_CONSTANT_CONVERSION = YES;
				CLANG_WARN_DIRECT_OBJC_ISA_USAGE = YES_ERROR;
				CLANG_WARN_EMPTY_BODY = YES;
				CLANG_WARN_ENUM_CONVERSION = YES;
				CLANG_WARN_INT_CONVERSION = YES;
				CLANG_WARN_OBJC_ROOT_CLASS = YES_ERROR;
				CLANG_WARN_UNREACHABLE_CODE = YES;
				CLANG_WARN__DUPLICATE_METHOD_MATCH = YES;
				"CODE_SIGN_IDENTITY[sdk=iphoneos*]" = "iPhone Developer";
				COPY_PHASE_STRIP = NO;
				DEBUG_INFORMATION_FORMAT = dwarf;
				ENABLE_STRICT_OBJC_MSGSEND = YES;
				ENABLE_TESTABILITY = YES;
				GCC_C_LANGUAGE_STANDARD = gnu99;
				GCC_DYNAMIC_NO_PIC = NO;
				GCC_NO_COMMON_BLOCKS = YES;
				GCC_OPTIMIZATION_LEVEL = 0;
				GCC_PREPROCESSOR_DEFINITIONS = (
					"DEBUG=1",
					"$(inherited)",
				);
				GCC_WARN_64_TO_32_BIT_CONVERSION = YES;
				GCC_WARN_ABOUT_RETURN_TYPE = YES_ERROR;
				GCC_WARN_UNDECLARED_SELECTOR = YES;
				GCC_WARN_UNINITIALIZED_AUTOS = YES_AGGRESSIVE;
				GCC_WARN_UNUSED_FUNCTION = YES;
				GCC_WARN_UNUSED_VARIABLE = YES;
				IPHONEOS_DEPLOYMENT_TARGET = 9.3;
				MTL_ENABLE_DEBUG_INFO = YES;
				ONLY_ACTIVE_ARCH = YES;
				SDKROOT = iphoneos;
			};
			name = Debug;
		};
		09103C461CAF7D8900B9F227 /* Release */ = {
			isa = XCBuildConfiguration;
			buildSettings = {
				ALWAYS_SEARCH_USER_PATHS = NO;
				CLANG_ANALYZER_NONNULL = YES;
				CLANG_CXX_LANGUAGE_STANDARD = "gnu++0x";
				CLANG_CXX_LIBRARY = "libc++";
				CLANG_ENABLE_MODULES = YES;
				CLANG_ENABLE_OBJC_ARC = YES;
				CLANG_WARN_BOOL_CONVERSION = YES;
				CLANG_WARN_CONSTANT_CONVERSION = YES;
				CLANG_WARN_DIRECT_OBJC_ISA_USAGE = YES_ERROR;
				CLANG_WARN_EMPTY_BODY = YES;
				CLANG_WARN_ENUM_CONVERSION = YES;
				CLANG_WARN_INT_CONVERSION = YES;
				CLANG_WARN_OBJC_ROOT_CLASS = YES_ERROR;
				CLANG_WARN_UNREACHABLE_CODE = YES;
				CLANG_WARN__DUPLICATE_METHOD_MATCH = YES;
				"CODE_SIGN_IDENTITY[sdk=iphoneos*]" = "iPhone Developer";
				COPY_PHASE_STRIP = NO;
				DEBUG_INFORMATION_FORMAT = "dwarf-with-dsym";
				ENABLE_NS_ASSERTIONS = NO;
				ENABLE_STRICT_OBJC_MSGSEND = YES;
				GCC_C_LANGUAGE_STANDARD = gnu99;
				GCC_NO_COMMON_BLOCKS = YES;
				GCC_WARN_64_TO_32_BIT_CONVERSION = YES;
				GCC_WARN_ABOUT_RETURN_TYPE = YES_ERROR;
				GCC_WARN_UNDECLARED_SELECTOR = YES;
				GCC_WARN_UNINITIALIZED_AUTOS = YES_AGGRESSIVE;
				GCC_WARN_UNUSED_FUNCTION = YES;
				GCC_WARN_UNUSED_VARIABLE = YES;
				IPHONEOS_DEPLOYMENT_TARGET = 9.3;
				MTL_ENABLE_DEBUG_INFO = NO;
				SDKROOT = iphoneos;
				VALIDATE_PRODUCT = YES;
			};
			name = Release;
		};
		09103C481CAF7D8900B9F227 /* Debug */ = {
			isa = XCBuildConfiguration;
			buildSettings = {
				ASSETCATALOG_COMPILER_APPICON_NAME = AppIcon;
				CODE_SIGN_IDENTITY = "iPhone Developer";
				ENABLE_BITCODE = NO;
				FRAMEWORK_SEARCH_PATHS = (
					"$(inherited)",
					"$(PROJECT_DIR)/sdk",
				);
				INFOPLIST_FILE = PupaiTutorial/Info.plist;
				LD_RUNPATH_SEARCH_PATHS = "$(inherited) @executable_path/Frameworks";
				OTHER_LDFLAGS = "-ObjC";
				PRODUCT_BUNDLE_IDENTIFIER = com.danqoo.PupaiTutorial;
				PRODUCT_NAME = "$(TARGET_NAME)";
			};
			name = Debug;
		};
		09103C491CAF7D8900B9F227 /* Release */ = {
			isa = XCBuildConfiguration;
			buildSettings = {
				ASSETCATALOG_COMPILER_APPICON_NAME = AppIcon;
				CODE_SIGN_IDENTITY = "iPhone Developer";
				ENABLE_BITCODE = NO;
				FRAMEWORK_SEARCH_PATHS = (
					"$(inherited)",
					"$(PROJECT_DIR)/sdk",
				);
				INFOPLIST_FILE = PupaiTutorial/Info.plist;
				LD_RUNPATH_SEARCH_PATHS = "$(inherited) @executable_path/Frameworks";
				OTHER_LDFLAGS = "-ObjC";
				PRODUCT_BUNDLE_IDENTIFIER = com.danqoo.PupaiTutorial;
				PRODUCT_NAME = "$(TARGET_NAME)";
			};
			name = Release;
		};
/* End XCBuildConfiguration section */

/* Begin XCConfigurationList section */
		09103C281CAF7D8800B9F227 /* Build configuration list for PBXProject "PupaiTutorial" */ = {
			isa = XCConfigurationList;
			buildConfigurations = (
				09103C451CAF7D8900B9F227 /* Debug */,
				09103C461CAF7D8900B9F227 /* Release */,
			);
			defaultConfigurationIsVisible = 0;
			defaultConfigurationName = Release;
		};
		09103C471CAF7D8900B9F227 /* Build configuration list for PBXNativeTarget "PupaiTutorial" */ = {
			isa = XCConfigurationList;
			buildConfigurations = (
				09103C481CAF7D8900B9F227 /* Debug */,
				09103C491CAF7D8900B9F227 /* Release */,
			);
			defaultConfigurationIsVisible = 0;
		};
/* End XCConfigurationList section */
	};
	rootObject = 09103C251CAF7D8800B9F227 /* Project object */;
}
